
Microsoft Visual Studio Solution File, Format Version 12.00
# Visual Studio 2010
Project("{E24C65DC-7377-472B-9ABA-BC803B73C61A}") = "vows.tag.demos", ".", "{A59AB122-C74F-4109-8F15-DA1C3941CBB6}"
	ProjectSection(WebsiteProperties) = preProject
		Frontpage = "false"
		TargetFrameworkMoniker = ".NETFramework,Version%3Dv4.0"
		ProjectReferences = "{E61D2BAD-3C08-412D-A831-CB7E302007C0}|vows.tag.core.dll;"
		Debug.AspNetCompiler.VirtualPath = "/localhost_65057"
		Debug.AspNetCompiler.PhysicalPath = "..\vows.tag.demos\"
		Debug.AspNetCompiler.TargetPath = "PrecompiledWeb\localhost_65057\"
		Debug.AspNetCompiler.Updateable = "true"
		Debug.AspNetCompiler.ForceOverwrite = "true"
		Debug.AspNetCompiler.FixedNames = "false"
		Debug.AspNetCompiler.Debug = "True"
		Release.AspNetCompiler.VirtualPath = "/localhost_65057"
		Release.AspNetCompiler.PhysicalPath = "..\vows.tag.demos\"
		Release.AspNetCompiler.TargetPath = "PrecompiledWeb\localhost_65057\"
		Release.AspNetCompiler.Updateable = "true"
		Release.AspNetCompiler.ForceOverwrite = "true"
		Release.AspNetCompiler.FixedNames = "false"
		Release.AspNetCompiler.Debug = "False"
		VWDPort = "65057"
		VWDVirtualPath = "/"
	EndProjectSection
EndProject
Project("{FAE04EC0-301F-11D3-BF4B-00C04F79EFBC}") = "vows.tag.core", "..\vows.tag.core\vows.tag.core.csproj", "{E61D2BAD-3C08-412D-A831-CB7E302007C0}"
EndProject
Global
	GlobalSection(SolutionConfigurationPlatforms) = preSolution
		Debug|Any CPU = Debug|Any CPU
		Release|Any CPU = Release|Any CPU
	EndGlobalSection
	GlobalSection(ProjectConfigurationPlatforms) = postSolution
		{A59AB122-C74F-4109-8F15-DA1C3941CBB6}.Debug|Any CPU.ActiveCfg = Debug|Any CPU
		{A59AB122-C74F-4109-8F15-DA1C3941CBB6}.Debug|Any CPU.Build.0 = Debug|Any CPU
		{A59AB122-C74F-4109-8F15-DA1C3941CBB6}.Release|Any CPU.ActiveCfg = Debug|Any CPU
		{A59AB122-C74F-4109-8F15-DA1C3941CBB6}.Release|Any CPU.Build.0 = Debug|Any CPU
		{E61D2BAD-3C08-412D-A831-CB7E302007C0}.Debug|Any CPU.ActiveCfg = Debug|Any CPU
		{E61D2BAD-3C08-412D-A831-CB7E302007C0}.Debug|Any CPU.Build.0 = Debug|Any CPU
		{E61D2BAD-3C08-412D-A831-CB7E302007C0}.Release|Any CPU.ActiveCfg = Release|Any CPU
		{E61D2BAD-3C08-412D-A831-CB7E302007C0}.Release|Any CPU.Build.0 = Release|Any CPU
	EndGlobalSection
	GlobalSection(SolutionProperties) = preSolution
		HideSolutionNode = FALSE
	EndGlobalSection
EndGlobal
